// !$*UTF8*$!
{
	archiveVersion = 1;
	classes = {
	};
	objectVersion = 46;
	objects = {

/* Begin PBXBuildFile section */
		D040D85C14C5879200CD53B3 /* TwUI.framework in Frameworks */ = {isa = PBXBuildFile; fileRef = D040D84B14C5878400CD53B3 /* TwUI.framework */; };
		D040D85D14C5879200CD53B3 /* Velvet.framework in Frameworks */ = {isa = PBXBuildFile; fileRef = D040D85514C5878400CD53B3 /* Velvet.framework */; };
		D040D85E14C5879900CD53B3 /* TwUI.framework in Copy Frameworks */ = {isa = PBXBuildFile; fileRef = D040D84B14C5878400CD53B3 /* TwUI.framework */; };
		D040D85F14C5879900CD53B3 /* Velvet.framework in Copy Frameworks */ = {isa = PBXBuildFile; fileRef = D040D85514C5878400CD53B3 /* Velvet.framework */; };
		D0B8DDCC14BEE37B0039358E /* large-image.jpeg in Resources */ = {isa = PBXBuildFile; fileRef = D0B8DDCB14BEE37B0039358E /* large-image.jpeg */; };
		D0BA28F714BE568400005386 /* Cocoa.framework in Frameworks */ = {isa = PBXBuildFile; fileRef = D0BA28F614BE568400005386 /* Cocoa.framework */; };
		D0BA290114BE568400005386 /* InfoPlist.strings in Resources */ = {isa = PBXBuildFile; fileRef = D0BA28FF14BE568400005386 /* InfoPlist.strings */; };
		D0BA290314BE568400005386 /* main.m in Sources */ = {isa = PBXBuildFile; fileRef = D0BA290214BE568400005386 /* main.m */; };
		D0BA290714BE568400005386 /* Credits.rtf in Resources */ = {isa = PBXBuildFile; fileRef = D0BA290514BE568400005386 /* Credits.rtf */; };
		D0BA290A14BE568400005386 /* AppDelegate.m in Sources */ = {isa = PBXBuildFile; fileRef = D0BA290914BE568400005386 /* AppDelegate.m */; };
		D0BA290D14BE568400005386 /* MainMenu.xib in Resources */ = {isa = PBXBuildFile; fileRef = D0BA290B14BE568400005386 /* MainMenu.xib */; };
/* End PBXBuildFile section */

/* Begin PBXContainerItemProxy section */
		D040D84A14C5878400CD53B3 /* PBXContainerItemProxy */ = {
			isa = PBXContainerItemProxy;
			containerPortal = D040D83C14C5878300CD53B3 /* TwUI.xcodeproj */;
			proxyType = 2;
			remoteGlobalIDString = CB5B264C13BE6DA200579B1E;
			remoteInfo = TwUI;
		};
		D040D84C14C5878400CD53B3 /* PBXContainerItemProxy */ = {
			isa = PBXContainerItemProxy;
			containerPortal = D040D83C14C5878300CD53B3 /* TwUI.xcodeproj */;
			proxyType = 2;
			remoteGlobalIDString = CB5E321813BE7098004B7899;
			remoteInfo = "Dynamic Library";
		};
		D040D84E14C5878400CD53B3 /* PBXContainerItemProxy */ = {
			isa = PBXContainerItemProxy;
			containerPortal = D040D83C14C5878300CD53B3 /* TwUI.xcodeproj */;
			proxyType = 2;
			remoteGlobalIDString = 5EE983B713BE7809005F430D;
			remoteInfo = "Static Library";
		};
		D040D85014C5878400CD53B3 /* PBXContainerItemProxy */ = {
			isa = PBXContainerItemProxy;
			containerPortal = D040D83C14C5878300CD53B3 /* TwUI.xcodeproj */;
			proxyType = 2;
			remoteGlobalIDString = CB5B266113BE6DA300579B1E;
			remoteInfo = Tests;
		};
		D040D85414C5878400CD53B3 /* PBXContainerItemProxy */ = {
			isa = PBXContainerItemProxy;
			containerPortal = D040D83914C5878300CD53B3 /* Velvet.xcodeproj */;
			proxyType = 2;
			remoteGlobalIDString = D0EFFC01147851A80095AB35;
			remoteInfo = Velvet;
		};
		D040D85614C5878400CD53B3 /* PBXContainerItemProxy */ = {
			isa = PBXContainerItemProxy;
			containerPortal = D040D83914C5878300CD53B3 /* Velvet.xcodeproj */;
			proxyType = 2;
			remoteGlobalIDString = D0EFFC19147851A80095AB35;
			remoteInfo = VelvetTests;
		};
		D040D85814C5878F00CD53B3 /* PBXContainerItemProxy */ = {
			isa = PBXContainerItemProxy;
			containerPortal = D040D83914C5878300CD53B3 /* Velvet.xcodeproj */;
			proxyType = 1;
			remoteGlobalIDString = D0EFFC00147851A80095AB35;
			remoteInfo = Velvet;
		};
		D040D85A14C5878F00CD53B3 /* PBXContainerItemProxy */ = {
			isa = PBXContainerItemProxy;
			containerPortal = D040D83C14C5878300CD53B3 /* TwUI.xcodeproj */;
			proxyType = 1;
			remoteGlobalIDString = CB5B264B13BE6DA200579B1E;
			remoteInfo = TwUI;
		};
/* End PBXContainerItemProxy section */

/* Begin PBXCopyFilesBuildPhase section */
		D0BA299E14BE58D400005386 /* Copy Frameworks */ = {
			isa = PBXCopyFilesBuildPhase;
			buildActionMask = 2147483647;
			dstPath = "";
			dstSubfolderSpec = 10;
			files = (
				D040D85E14C5879900CD53B3 /* TwUI.framework in Copy Frameworks */,
				D040D85F14C5879900CD53B3 /* Velvet.framework in Copy Frameworks */,
			);
			name = "Copy Frameworks";
			runOnlyForDeploymentPostprocessing = 0;
		};
/* End PBXCopyFilesBuildPhase section */

/* Begin PBXFileReference section */
		D040D83914C5878300CD53B3 /* Velvet.xcodeproj */ = {isa = PBXFileReference; lastKnownFileType = "wrapper.pb-project"; name = Velvet.xcodeproj; path = ../../lib/Velvet/Velvet.xcodeproj; sourceTree = "<group>"; };
		D040D83C14C5878300CD53B3 /* TwUI.xcodeproj */ = {isa = PBXFileReference; lastKnownFileType = "wrapper.pb-project"; name = TwUI.xcodeproj; path = ../../TwUI.xcodeproj; sourceTree = "<group>"; };
		D040D87414C587B200CD53B3 /* Common.xcconfig */ = {isa = PBXFileReference; lastKnownFileType = text.xcconfig; path = Common.xcconfig; sourceTree = "<group>"; };
		D040D87614C587B200CD53B3 /* Debug.xcconfig */ = {isa = PBXFileReference; lastKnownFileType = text.xcconfig; path = Debug.xcconfig; sourceTree = "<group>"; };
		D040D87714C587B200CD53B3 /* Profile.xcconfig */ = {isa = PBXFileReference; lastKnownFileType = text.xcconfig; path = Profile.xcconfig; sourceTree = "<group>"; };
		D040D87814C587B200CD53B3 /* Release.xcconfig */ = {isa = PBXFileReference; lastKnownFileType = text.xcconfig; path = Release.xcconfig; sourceTree = "<group>"; };
		D040D87A14C587B200CD53B3 /* Application.xcconfig */ = {isa = PBXFileReference; lastKnownFileType = text.xcconfig; path = Application.xcconfig; sourceTree = "<group>"; };
		D040D87B14C587B200CD53B3 /* StaticLibrary.xcconfig */ = {isa = PBXFileReference; lastKnownFileType = text.xcconfig; path = StaticLibrary.xcconfig; sourceTree = "<group>"; };
		D040D87D14C587B200CD53B3 /* iOS-Application.xcconfig */ = {isa = PBXFileReference; lastKnownFileType = text.xcconfig; path = "iOS-Application.xcconfig"; sourceTree = "<group>"; };
		D040D87E14C587B200CD53B3 /* iOS-Base.xcconfig */ = {isa = PBXFileReference; lastKnownFileType = text.xcconfig; path = "iOS-Base.xcconfig"; sourceTree = "<group>"; };
		D040D87F14C587B200CD53B3 /* iOS-StaticLibrary.xcconfig */ = {isa = PBXFileReference; lastKnownFileType = text.xcconfig; path = "iOS-StaticLibrary.xcconfig"; sourceTree = "<group>"; };
		D040D88114C587B200CD53B3 /* Mac-Application.xcconfig */ = {isa = PBXFileReference; lastKnownFileType = text.xcconfig; path = "Mac-Application.xcconfig"; sourceTree = "<group>"; };
		D040D88214C587B200CD53B3 /* Mac-Base.xcconfig */ = {isa = PBXFileReference; lastKnownFileType = text.xcconfig; path = "Mac-Base.xcconfig"; sourceTree = "<group>"; };
		D040D88314C587B200CD53B3 /* Mac-DynamicLibrary.xcconfig */ = {isa = PBXFileReference; lastKnownFileType = text.xcconfig; path = "Mac-DynamicLibrary.xcconfig"; sourceTree = "<group>"; };
		D040D88414C587B200CD53B3 /* Mac-Framework.xcconfig */ = {isa = PBXFileReference; lastKnownFileType = text.xcconfig; path = "Mac-Framework.xcconfig"; sourceTree = "<group>"; };
		D040D88514C587B200CD53B3 /* Mac-StaticLibrary.xcconfig */ = {isa = PBXFileReference; lastKnownFileType = text.xcconfig; path = "Mac-StaticLibrary.xcconfig"; sourceTree = "<group>"; };
		D040D88614C587B200CD53B3 /* README.md */ = {isa = PBXFileReference; lastKnownFileType = text; path = README.md; sourceTree = "<group>"; };
		D0B8DDCB14BEE37B0039358E /* large-image.jpeg */ = {isa = PBXFileReference; lastKnownFileType = image.jpeg; name = "large-image.jpeg"; path = "../../ExampleProject/ConcordeExample/large-image.jpeg"; sourceTree = "<group>"; };
		D0BA28F214BE568400005386 /* VelvetBridgeDemo.app */ = {isa = PBXFileReference; explicitFileType = wrapper.application; includeInIndex = 0; path = VelvetBridgeDemo.app; sourceTree = BUILT_PRODUCTS_DIR; };
		D0BA28F614BE568400005386 /* Cocoa.framework */ = {isa = PBXFileReference; lastKnownFileType = wrapper.framework; name = Cocoa.framework; path = System/Library/Frameworks/Cocoa.framework; sourceTree = SDKROOT; };
		D0BA28F914BE568400005386 /* AppKit.framework */ = {isa = PBXFileReference; lastKnownFileType = wrapper.framework; name = AppKit.framework; path = System/Library/Frameworks/AppKit.framework; sourceTree = SDKROOT; };
		D0BA28FA14BE568400005386 /* CoreData.framework */ = {isa = PBXFileReference; lastKnownFileType = wrapper.framework; name = CoreData.framework; path = System/Library/Frameworks/CoreData.framework; sourceTree = SDKROOT; };
		D0BA28FB14BE568400005386 /* Foundation.framework */ = {isa = PBXFileReference; lastKnownFileType = wrapper.framework; name = Foundation.framework; path = System/Library/Frameworks/Foundation.framework; sourceTree = SDKROOT; };
		D0BA28FE14BE568400005386 /* VelvetBridgeDemo-Info.plist */ = {isa = PBXFileReference; lastKnownFileType = text.plist.xml; path = "VelvetBridgeDemo-Info.plist"; sourceTree = "<group>"; };
		D0BA290014BE568400005386 /* en */ = {isa = PBXFileReference; lastKnownFileType = text.plist.strings; name = en; path = en.lproj/InfoPlist.strings; sourceTree = "<group>"; };
		D0BA290214BE568400005386 /* main.m */ = {isa = PBXFileReference; lastKnownFileType = sourcecode.c.objc; path = main.m; sourceTree = "<group>"; };
		D0BA290414BE568400005386 /* VelvetBridgeDemo-Prefix.pch */ = {isa = PBXFileReference; lastKnownFileType = sourcecode.c.h; path = "VelvetBridgeDemo-Prefix.pch"; sourceTree = "<group>"; };
		D0BA290614BE568400005386 /* en */ = {isa = PBXFileReference; lastKnownFileType = text.rtf; name = en; path = en.lproj/Credits.rtf; sourceTree = "<group>"; };
		D0BA290814BE568400005386 /* AppDelegate.h */ = {isa = PBXFileReference; lastKnownFileType = sourcecode.c.h; path = AppDelegate.h; sourceTree = "<group>"; };
		D0BA290914BE568400005386 /* AppDelegate.m */ = {isa = PBXFileReference; lastKnownFileType = sourcecode.c.objc; path = AppDelegate.m; sourceTree = "<group>"; };
		D0BA290C14BE568400005386 /* en */ = {isa = PBXFileReference; lastKnownFileType = file.xib; name = en; path = en.lproj/MainMenu.xib; sourceTree = "<group>"; };
/* End PBXFileReference section */

/* Begin PBXFrameworksBuildPhase section */
		D0BA28EF14BE568400005386 /* Frameworks */ = {
			isa = PBXFrameworksBuildPhase;
			buildActionMask = 2147483647;
			files = (
				D040D85C14C5879200CD53B3 /* TwUI.framework in Frameworks */,
				D040D85D14C5879200CD53B3 /* Velvet.framework in Frameworks */,
				D0BA28F714BE568400005386 /* Cocoa.framework in Frameworks */,
			);
			runOnlyForDeploymentPostprocessing = 0;
		};
/* End PBXFrameworksBuildPhase section */

/* Begin PBXGroup section */
		D040D83A14C5878300CD53B3 /* Products */ = {
			isa = PBXGroup;
			children = (
				D040D85514C5878400CD53B3 /* Velvet.framework */,
				D040D85714C5878400CD53B3 /* VelvetTests.octest */,
			);
			name = Products;
			sourceTree = "<group>";
		};
		D040D83D14C5878300CD53B3 /* Products */ = {
			isa = PBXGroup;
			children = (
				D040D84B14C5878400CD53B3 /* TwUI.framework */,
				D040D84D14C5878400CD53B3 /* libtwui.dylib */,
				D040D84F14C5878400CD53B3 /* libtwui.a */,
				D040D85114C5878400CD53B3 /* Tests.octest */,
			);
			name = Products;
			sourceTree = "<group>";
		};
		D040D87214C587B200CD53B3 /* Configuration */ = {
			isa = PBXGroup;
			children = (
				D040D87314C587B200CD53B3 /* Base */,
				D040D87C14C587B200CD53B3 /* iOS */,
				D040D88014C587B200CD53B3 /* Mac OS X */,
				D040D88614C587B200CD53B3 /* README.md */,
			);
			name = Configuration;
			path = ../../lib/Velvet/Configuration;
			sourceTree = "<group>";
		};
		D040D87314C587B200CD53B3 /* Base */ = {
			isa = PBXGroup;
			children = (
				D040D87414C587B200CD53B3 /* Common.xcconfig */,
				D040D87514C587B200CD53B3 /* Configurations */,
				D040D87914C587B200CD53B3 /* Targets */,
			);
			path = Base;
			sourceTree = "<group>";
		};
		D040D87514C587B200CD53B3 /* Configurations */ = {
			isa = PBXGroup;
			children = (
				D040D87614C587B200CD53B3 /* Debug.xcconfig */,
				D040D87714C587B200CD53B3 /* Profile.xcconfig */,
				D040D87814C587B200CD53B3 /* Release.xcconfig */,
			);
			path = Configurations;
			sourceTree = "<group>";
		};
		D040D87914C587B200CD53B3 /* Targets */ = {
			isa = PBXGroup;
			children = (
				D040D87A14C587B200CD53B3 /* Application.xcconfig */,
				D040D87B14C587B200CD53B3 /* StaticLibrary.xcconfig */,
			);
			path = Targets;
			sourceTree = "<group>";
		};
		D040D87C14C587B200CD53B3 /* iOS */ = {
			isa = PBXGroup;
			children = (
				D040D87D14C587B200CD53B3 /* iOS-Application.xcconfig */,
				D040D87E14C587B200CD53B3 /* iOS-Base.xcconfig */,
				D040D87F14C587B200CD53B3 /* iOS-StaticLibrary.xcconfig */,
			);
			path = iOS;
			sourceTree = "<group>";
		};
		D040D88014C587B200CD53B3 /* Mac OS X */ = {
			isa = PBXGroup;
			children = (
				D040D88114C587B200CD53B3 /* Mac-Application.xcconfig */,
				D040D88214C587B200CD53B3 /* Mac-Base.xcconfig */,
				D040D88314C587B200CD53B3 /* Mac-DynamicLibrary.xcconfig */,
				D040D88414C587B200CD53B3 /* Mac-Framework.xcconfig */,
				D040D88514C587B200CD53B3 /* Mac-StaticLibrary.xcconfig */,
			);
			path = "Mac OS X";
			sourceTree = "<group>";
		};
		D0BA28E714BE568300005386 = {
			isa = PBXGroup;
			children = (
				D0BA28FC14BE568400005386 /* VelvetBridgeDemo */,
				D040D87214C587B200CD53B3 /* Configuration */,
				D0BA28F514BE568400005386 /* Frameworks */,
				D0BA28F314BE568400005386 /* Products */,
			);
			sourceTree = "<group>";
		};
		D0BA28F314BE568400005386 /* Products */ = {
			isa = PBXGroup;
			children = (
				D0BA28F214BE568400005386 /* VelvetBridgeDemo.app */,
			);
			name = Products;
			sourceTree = "<group>";
		};
		D0BA28F514BE568400005386 /* Frameworks */ = {
			isa = PBXGroup;
			children = (
				D040D83C14C5878300CD53B3 /* TwUI.xcodeproj */,
				D040D83914C5878300CD53B3 /* Velvet.xcodeproj */,
				D0BA28F614BE568400005386 /* Cocoa.framework */,
				D0BA28F814BE568400005386 /* Other Frameworks */,
			);
			name = Frameworks;
			sourceTree = "<group>";
		};
		D0BA28F814BE568400005386 /* Other Frameworks */ = {
			isa = PBXGroup;
			children = (
				D0BA28F914BE568400005386 /* AppKit.framework */,
				D0BA28FA14BE568400005386 /* CoreData.framework */,
				D0BA28FB14BE568400005386 /* Foundation.framework */,
			);
			name = "Other Frameworks";
			sourceTree = "<group>";
		};
		D0BA28FC14BE568400005386 /* VelvetBridgeDemo */ = {
			isa = PBXGroup;
			children = (
				D0BA290814BE568400005386 /* AppDelegate.h */,
				D0BA290914BE568400005386 /* AppDelegate.m */,
				D0BA290B14BE568400005386 /* MainMenu.xib */,
				D0BA28FD14BE568400005386 /* Supporting Files */,
			);
			path = VelvetBridgeDemo;
			sourceTree = "<group>";
		};
		D0BA28FD14BE568400005386 /* Supporting Files */ = {
			isa = PBXGroup;
			children = (
				D0B8DDCB14BEE37B0039358E /* large-image.jpeg */,
				D0BA28FE14BE568400005386 /* VelvetBridgeDemo-Info.plist */,
				D0BA28FF14BE568400005386 /* InfoPlist.strings */,
				D0BA290214BE568400005386 /* main.m */,
				D0BA290414BE568400005386 /* VelvetBridgeDemo-Prefix.pch */,
				D0BA290514BE568400005386 /* Credits.rtf */,
			);
			name = "Supporting Files";
			sourceTree = "<group>";
		};
/* End PBXGroup section */

/* Begin PBXNativeTarget section */
		D0BA28F114BE568400005386 /* VelvetBridgeDemo */ = {
			isa = PBXNativeTarget;
			buildConfigurationList = D0BA291014BE568400005386 /* Build configuration list for PBXNativeTarget "VelvetBridgeDemo" */;
			buildPhases = (
				D0BA28EE14BE568400005386 /* Sources */,
				D0BA28EF14BE568400005386 /* Frameworks */,
				D0BA28F014BE568400005386 /* Resources */,
				D0BA299E14BE58D400005386 /* Copy Frameworks */,
			);
			buildRules = (
			);
			dependencies = (
				D040D85914C5878F00CD53B3 /* PBXTargetDependency */,
				D040D85B14C5878F00CD53B3 /* PBXTargetDependency */,
			);
			name = VelvetBridgeDemo;
			productName = VelvetBridgeDemo;
			productReference = D0BA28F214BE568400005386 /* VelvetBridgeDemo.app */;
			productType = "com.apple.product-type.application";
		};
/* End PBXNativeTarget section */

/* Begin PBXProject section */
		D0BA28E914BE568300005386 /* Project object */ = {
			isa = PBXProject;
			attributes = {
				LastUpgradeCheck = 0420;
				ORGANIZATIONNAME = Bitswift;
			};
			buildConfigurationList = D0BA28EC14BE568300005386 /* Build configuration list for PBXProject "VelvetBridgeDemo" */;
			compatibilityVersion = "Xcode 3.2";
			developmentRegion = English;
			hasScannedForEncodings = 0;
			knownRegions = (
				en,
			);
			mainGroup = D0BA28E714BE568300005386;
			productRefGroup = D0BA28F314BE568400005386 /* Products */;
			projectDirPath = "";
			projectReferences = (
				{
					ProductGroup = D040D83D14C5878300CD53B3 /* Products */;
					ProjectRef = D040D83C14C5878300CD53B3 /* TwUI.xcodeproj */;
				},
				{
					ProductGroup = D040D83A14C5878300CD53B3 /* Products */;
					ProjectRef = D040D83914C5878300CD53B3 /* Velvet.xcodeproj */;
				},
			);
			projectRoot = "";
			targets = (
				D0BA28F114BE568400005386 /* VelvetBridgeDemo */,
			);
		};
/* End PBXProject section */

/* Begin PBXReferenceProxy section */
		D040D84B14C5878400CD53B3 /* TwUI.framework */ = {
			isa = PBXReferenceProxy;
			fileType = wrapper.framework;
			path = TwUI.framework;
			remoteRef = D040D84A14C5878400CD53B3 /* PBXContainerItemProxy */;
			sourceTree = BUILT_PRODUCTS_DIR;
		};
		D040D84D14C5878400CD53B3 /* libtwui.dylib */ = {
			isa = PBXReferenceProxy;
			fileType = "compiled.mach-o.dylib";
			path = libtwui.dylib;
			remoteRef = D040D84C14C5878400CD53B3 /* PBXContainerItemProxy */;
			sourceTree = BUILT_PRODUCTS_DIR;
		};
		D040D84F14C5878400CD53B3 /* libtwui.a */ = {
			isa = PBXReferenceProxy;
			fileType = archive.ar;
			path = libtwui.a;
			remoteRef = D040D84E14C5878400CD53B3 /* PBXContainerItemProxy */;
			sourceTree = BUILT_PRODUCTS_DIR;
		};
		D040D85114C5878400CD53B3 /* Tests.octest */ = {
			isa = PBXReferenceProxy;
			fileType = wrapper.cfbundle;
			path = Tests.octest;
			remoteRef = D040D85014C5878400CD53B3 /* PBXContainerItemProxy */;
			sourceTree = BUILT_PRODUCTS_DIR;
		};
		D040D85514C5878400CD53B3 /* Velvet.framework */ = {
			isa = PBXReferenceProxy;
			fileType = wrapper.framework;
			path = Velvet.framework;
			remoteRef = D040D85414C5878400CD53B3 /* PBXContainerItemProxy */;
			sourceTree = BUILT_PRODUCTS_DIR;
		};
		D040D85714C5878400CD53B3 /* VelvetTests.octest */ = {
			isa = PBXReferenceProxy;
			fileType = wrapper.cfbundle;
			path = VelvetTests.octest;
			remoteRef = D040D85614C5878400CD53B3 /* PBXContainerItemProxy */;
			sourceTree = BUILT_PRODUCTS_DIR;
		};
/* End PBXReferenceProxy section */

/* Begin PBXResourcesBuildPhase section */
		D0BA28F014BE568400005386 /* Resources */ = {
			isa = PBXResourcesBuildPhase;
			buildActionMask = 2147483647;
			files = (
				D0BA290114BE568400005386 /* InfoPlist.strings in Resources */,
				D0BA290714BE568400005386 /* Credits.rtf in Resources */,
				D0BA290D14BE568400005386 /* MainMenu.xib in Resources */,
				D0B8DDCC14BEE37B0039358E /* large-image.jpeg in Resources */,
			);
			runOnlyForDeploymentPostprocessing = 0;
		};
/* End PBXResourcesBuildPhase section */

/* Begin PBXSourcesBuildPhase section */
		D0BA28EE14BE568400005386 /* Sources */ = {
			isa = PBXSourcesBuildPhase;
			buildActionMask = 2147483647;
			files = (
				D0BA290314BE568400005386 /* main.m in Sources */,
				D0BA290A14BE568400005386 /* AppDelegate.m in Sources */,
			);
			runOnlyForDeploymentPostprocessing = 0;
		};
/* End PBXSourcesBuildPhase section */

/* Begin PBXTargetDependency section */
		D040D85914C5878F00CD53B3 /* PBXTargetDependency */ = {
			isa = PBXTargetDependency;
			name = Velvet;
			targetProxy = D040D85814C5878F00CD53B3 /* PBXContainerItemProxy */;
		};
		D040D85B14C5878F00CD53B3 /* PBXTargetDependency */ = {
			isa = PBXTargetDependency;
			name = TwUI;
			targetProxy = D040D85A14C5878F00CD53B3 /* PBXContainerItemProxy */;
		};
/* End PBXTargetDependency section */

/* Begin PBXVariantGroup section */
		D0BA28FF14BE568400005386 /* InfoPlist.strings */ = {
			isa = PBXVariantGroup;
			children = (
				D0BA290014BE568400005386 /* en */,
			);
			name = InfoPlist.strings;
			sourceTree = "<group>";
		};
		D0BA290514BE568400005386 /* Credits.rtf */ = {
			isa = PBXVariantGroup;
			children = (
				D0BA290614BE568400005386 /* en */,
			);
			name = Credits.rtf;
			sourceTree = "<group>";
		};
		D0BA290B14BE568400005386 /* MainMenu.xib */ = {
			isa = PBXVariantGroup;
			children = (
				D0BA290C14BE568400005386 /* en */,
			);
			name = MainMenu.xib;
			sourceTree = "<group>";
		};
/* End PBXVariantGroup section */

/* Begin XCBuildConfiguration section */
		D0BA290E14BE568400005386 /* Debug */ = {
			isa = XCBuildConfiguration;
			baseConfigurationReference = D040D87614C587B200CD53B3 /* Debug.xcconfig */;
			buildSettings = {
				ARCHS = "$(ARCHS_STANDARD_64_BIT)";
				GCC_C_LANGUAGE_STANDARD = gnu99;
				MACOSX_DEPLOYMENT_TARGET = 10.7;
				SDKROOT = macosx;
			};
			name = Debug;
		};
		D0BA290F14BE568400005386 /* Release */ = {
			isa = XCBuildConfiguration;
			baseConfigurationReference = D040D87814C587B200CD53B3 /* Release.xcconfig */;
			buildSettings = {
				ARCHS = "$(ARCHS_STANDARD_64_BIT)";
				GCC_C_LANGUAGE_STANDARD = gnu99;
				MACOSX_DEPLOYMENT_TARGET = 10.7;
				SDKROOT = macosx;
			};
			name = Release;
		};
		D0BA291114BE568400005386 /* Debug */ = {
			isa = XCBuildConfiguration;
			baseConfigurationReference = D040D88114C587B200CD53B3 /* Mac-Application.xcconfig */;
			buildSettings = {
				GCC_PREFIX_HEADER = "VelvetBridgeDemo/VelvetBridgeDemo-Prefix.pch";
				INFOPLIST_FILE = "VelvetBridgeDemo/VelvetBridgeDemo-Info.plist";
				PRODUCT_NAME = "$(TARGET_NAME)";
				WRAPPER_EXTENSION = app;
			};
			name = Debug;
		};
		D0BA291214BE568400005386 /* Release */ = {
			isa = XCBuildConfiguration;
			baseConfigurationReference = D040D88114C587B200CD53B3 /* Mac-Application.xcconfig */;
			buildSettings = {
				GCC_PREFIX_HEADER = "VelvetBridgeDemo/VelvetBridgeDemo-Prefix.pch";
				INFOPLIST_FILE = "VelvetBridgeDemo/VelvetBridgeDemo-Info.plist";
				PRODUCT_NAME = "$(TARGET_NAME)";
				WRAPPER_EXTENSION = app;
			};
			name = Release;
		};
		D0BA292814BE56C000005386 /* Profile */ = {
			isa = XCBuildConfiguration;
			baseConfigurationReference = D040D87714C587B200CD53B3 /* Profile.xcconfig */;
			buildSettings = {
				ARCHS = "$(ARCHS_STANDARD_64_BIT)";
				GCC_C_LANGUAGE_STANDARD = gnu99;
				MACOSX_DEPLOYMENT_TARGET = 10.7;
				SDKROOT = macosx;
			};
			name = Profile;
		};
		D0BA292914BE56C000005386 /* Profile */ = {
			isa = XCBuildConfiguration;
			baseConfigurationReference = D040D88114C587B200CD53B3 /* Mac-Application.xcconfig */;
			buildSettings = {
				GCC_PREFIX_HEADER = "VelvetBridgeDemo/VelvetBridgeDemo-Prefix.pch";
				INFOPLIST_FILE = "VelvetBridgeDemo/VelvetBridgeDemo-Info.plist";
				PRODUCT_NAME = "$(TARGET_NAME)";
				WRAPPER_EXTENSION = app;
			};
			name = Profile;
		};
/* End XCBuildConfiguration section */

/* Begin XCConfigurationList section */
		D0BA28EC14BE568300005386 /* Build configuration list for PBXProject "VelvetBridgeDemo" */ = {
			isa = XCConfigurationList;
			buildConfigurations = (
				D0BA290E14BE568400005386 /* Debug */,
				D0BA290F14BE568400005386 /* Release */,
				D0BA292814BE56C000005386 /* Profile */,
			);
			defaultConfigurationIsVisible = 0;
			defaultConfigurationName = Release;
		};
		D0BA291014BE568400005386 /* Build configuration list for PBXNativeTarget "VelvetBridgeDemo" */ = {
			isa = XCConfigurationList;
			buildConfigurations = (
				D0BA291114BE568400005386 /* Debug */,
				D0BA291214BE568400005386 /* Release */,
				D0BA292914BE56C000005386 /* Profile */,
			);
			defaultConfigurationIsVisible = 0;
			defaultConfigurationName = Release;
		};
/* End XCConfigurationList section */
	};
	rootObject = D0BA28E914BE568300005386 /* Project object */;
}
